// !$*UTF8*$!
{
	archiveVersion = 1;
	classes = {
	};
	objectVersion = 50;
	objects = {

/* Begin PBXBuildFile section */
		BB8E33CB26F7721B00011E06 /* AppDelegate.swift in Sources */ = {isa = PBXBuildFile; fileRef = BB8E33CA26F7721B00011E06 /* AppDelegate.swift */; };
		BB8E33CD26F7721B00011E06 /* SceneDelegate.swift in Sources */ = {isa = PBXBuildFile; fileRef = BB8E33CC26F7721B00011E06 /* SceneDelegate.swift */; };
		BB8E33CF26F7721B00011E06 /* ViewController.swift in Sources */ = {isa = PBXBuildFile; fileRef = BB8E33CE26F7721B00011E06 /* ViewController.swift */; };
		BB8E33D426F7721D00011E06 /* Assets.xcassets in Resources */ = {isa = PBXBuildFile; fileRef = BB8E33D326F7721D00011E06 /* Assets.xcassets */; };
		BB8E33D726F7721D00011E06 /* LaunchScreen.storyboard in Resources */ = {isa = PBXBuildFile; fileRef = BB8E33D526F7721D00011E06 /* LaunchScreen.storyboard */; };
		BB8E33E126F7762400011E06 /* UIView + Extensions.swift in Sources */ = {isa = PBXBuildFile; fileRef = BB8E33E026F7762400011E06 /* UIView + Extensions.swift */; };
		BB8E33EB26F7B97200011E06 /* ShareViewController.swift in Sources */ = {isa = PBXBuildFile; fileRef = BB8E33EA26F7B97200011E06 /* ShareViewController.swift */; };
		BB8E33EE26F7B97200011E06 /* MainInterface.storyboard in Resources */ = {isa = PBXBuildFile; fileRef = BB8E33EC26F7B97200011E06 /* MainInterface.storyboard */; };
		BB8E33F226F7B97200011E06 /* ShareExample.appex in Embed App Extensions */ = {isa = PBXBuildFile; fileRef = BB8E33E826F7B97200011E06 /* ShareExample.appex */; settings = {ATTRIBUTES = (RemoveHeadersOnCopy, ); }; };
/* End PBXBuildFile section */

/* Begin PBXContainerItemProxy section */
		BB8E33F026F7B97200011E06 /* PBXContainerItemProxy */ = {
			isa = PBXContainerItemProxy;
			containerPortal = BB8E33BF26F7721B00011E06 /* Project object */;
			proxyType = 1;
			remoteGlobalIDString = BB8E33E726F7B97200011E06;
			remoteInfo = ShareExample;
		};
/* End PBXContainerItemProxy section */

/* Begin PBXCopyFilesBuildPhase section */
		BB8E33F326F7B97200011E06 /* Embed App Extensions */ = {
			isa = PBXCopyFilesBuildPhase;
			buildActionMask = 2147483647;
			dstPath = "";
			dstSubfolderSpec = 13;
			files = (
				BB8E33F226F7B97200011E06 /* ShareExample.appex in Embed App Extensions */,
			);
			name = "Embed App Extensions";
			runOnlyForDeploymentPostprocessing = 0;
		};
/* End PBXCopyFilesBuildPhase section */

/* Begin PBXFileReference section */
		BB8E33C726F7721B00011E06 /* ShareExtensionExample.app */ = {isa = PBXFileReference; explicitFileType = wrapper.application; includeInIndex = 0; path = ShareExtensionExample.app; sourceTree = BUILT_PRODUCTS_DIR; };
		BB8E33CA26F7721B00011E06 /* AppDelegate.swift */ = {isa = PBXFileReference; lastKnownFileType = sourcecode.swift; path = AppDelegate.swift; sourceTree = "<group>"; };
		BB8E33CC26F7721B00011E06 /* SceneDelegate.swift */ = {isa = PBXFileReference; lastKnownFileType = sourcecode.swift; path = SceneDelegate.swift; sourceTree = "<group>"; };
		BB8E33CE26F7721B00011E06 /* ViewController.swift */ = {isa = PBXFileReference; lastKnownFileType = sourcecode.swift; path = ViewController.swift; sourceTree = "<group>"; };
		BB8E33D326F7721D00011E06 /* Assets.xcassets */ = {isa = PBXFileReference; lastKnownFileType = folder.assetcatalog; path = Assets.xcassets; sourceTree = "<group>"; };
		BB8E33D626F7721D00011E06 /* Base */ = {isa = PBXFileReference; lastKnownFileType = file.storyboard; name = Base; path = Base.lproj/LaunchScreen.storyboard; sourceTree = "<group>"; };
		BB8E33D826F7721D00011E06 /* Info.plist */ = {isa = PBXFileReference; lastKnownFileType = text.plist.xml; path = Info.plist; sourceTree = "<group>"; };
		BB8E33E026F7762400011E06 /* UIView + Extensions.swift */ = {isa = PBXFileReference; lastKnownFileType = sourcecode.swift; path = "UIView + Extensions.swift"; sourceTree = "<group>"; };
		BB8E33E826F7B97200011E06 /* ShareExample.appex */ = {isa = PBXFileReference; explicitFileType = "wrapper.app-extension"; includeInIndex = 0; path = ShareExample.appex; sourceTree = BUILT_PRODUCTS_DIR; };
		BB8E33EA26F7B97200011E06 /* ShareViewController.swift */ = {isa = PBXFileReference; lastKnownFileType = sourcecode.swift; path = ShareViewController.swift; sourceTree = "<group>"; };
		BB8E33ED26F7B97200011E06 /* Base */ = {isa = PBXFileReference; lastKnownFileType = file.storyboard; name = Base; path = Base.lproj/MainInterface.storyboard; sourceTree = "<group>"; };
		BB8E33EF26F7B97200011E06 /* Info.plist */ = {isa = PBXFileReference; lastKnownFileType = text.plist.xml; path = Info.plist; sourceTree = "<group>"; };
/* End PBXFileReference section */

/* Begin PBXFrameworksBuildPhase section */
		BB8E33C426F7721B00011E06 /* Frameworks */ = {
			isa = PBXFrameworksBuildPhase;
			buildActionMask = 2147483647;
			files = (
			);
			runOnlyForDeploymentPostprocessing = 0;
		};
		BB8E33E526F7B97200011E06 /* Frameworks */ = {
			isa = PBXFrameworksBuildPhase;
			buildActionMask = 2147483647;
			files = (
			);
			runOnlyForDeploymentPostprocessing = 0;
		};
/* End PBXFrameworksBuildPhase section */

/* Begin PBXGroup section */
		BB8E33BE26F7721B00011E06 = {
			isa = PBXGroup;
			children = (
				BB8E33C926F7721B00011E06 /* ShareExtensionExample */,
				BB8E33E926F7B97200011E06 /* ShareExample */,
				BB8E33C826F7721B00011E06 /* Products */,
			);
			sourceTree = "<group>";
		};
		BB8E33C826F7721B00011E06 /* Products */ = {
			isa = PBXGroup;
			children = (
				BB8E33C726F7721B00011E06 /* ShareExtensionExample.app */,
				BB8E33E826F7B97200011E06 /* ShareExample.appex */,
			);
			name = Products;
			sourceTree = "<group>";
		};
		BB8E33C926F7721B00011E06 /* ShareExtensionExample */ = {
			isa = PBXGroup;
			children = (
				BB8E33DF26F7760C00011E06 /* Extensions */,
				BB8E33CA26F7721B00011E06 /* AppDelegate.swift */,
				BB8E33CC26F7721B00011E06 /* SceneDelegate.swift */,
				BB8E33CE26F7721B00011E06 /* ViewController.swift */,
				BB8E33D326F7721D00011E06 /* Assets.xcassets */,
				BB8E33D526F7721D00011E06 /* LaunchScreen.storyboard */,
				BB8E33D826F7721D00011E06 /* Info.plist */,
			);
			path = ShareExtensionExample;
			sourceTree = "<group>";
		};
		BB8E33DF26F7760C00011E06 /* Extensions */ = {
			isa = PBXGroup;
			children = (
				BB8E33E026F7762400011E06 /* UIView + Extensions.swift */,
			);
			path = Extensions;
			sourceTree = "<group>";
		};
		BB8E33E926F7B97200011E06 /* ShareExample */ = {
			isa = PBXGroup;
			children = (
				BB8E33EA26F7B97200011E06 /* ShareViewController.swift */,
				BB8E33EC26F7B97200011E06 /* MainInterface.storyboard */,
				BB8E33EF26F7B97200011E06 /* Info.plist */,
			);
			path = ShareExample;
			sourceTree = "<group>";
		};
/* End PBXGroup section */

/* Begin PBXNativeTarget section */
		BB8E33C626F7721B00011E06 /* ShareExtensionExample */ = {
			isa = PBXNativeTarget;
			buildConfigurationList = BB8E33DB26F7721D00011E06 /* Build configuration list for PBXNativeTarget "ShareExtensionExample" */;
			buildPhases = (
				BB8E33C326F7721B00011E06 /* Sources */,
				BB8E33C426F7721B00011E06 /* Frameworks */,
				BB8E33C526F7721B00011E06 /* Resources */,
				BB8E33F326F7B97200011E06 /* Embed App Extensions */,
			);
			buildRules = (
			);
			dependencies = (
				BB8E33F126F7B97200011E06 /* PBXTargetDependency */,
			);
			name = ShareExtensionExample;
			productName = ShareExtensionExample;
			productReference = BB8E33C726F7721B00011E06 /* ShareExtensionExample.app */;
			productType = "com.apple.product-type.application";
		};
		BB8E33E726F7B97200011E06 /* ShareExample */ = {
			isa = PBXNativeTarget;
			buildConfigurationList = BB8E33F626F7B97200011E06 /* Build configuration list for PBXNativeTarget "ShareExample" */;
			buildPhases = (
				BB8E33E426F7B97200011E06 /* Sources */,
				BB8E33E526F7B97200011E06 /* Frameworks */,
				BB8E33E626F7B97200011E06 /* Resources */,
			);
			buildRules = (
			);
			dependencies = (
			);
			name = ShareExample;
			productName = ShareExample;
			productReference = BB8E33E826F7B97200011E06 /* ShareExample.appex */;
			productType = "com.apple.product-type.app-extension";
		};
/* End PBXNativeTarget section */

/* Begin PBXProject section */
		BB8E33BF26F7721B00011E06 /* Project object */ = {
			isa = PBXProject;
			attributes = {
				LastSwiftUpdateCheck = 1250;
				LastUpgradeCheck = 1250;
				TargetAttributes = {
					BB8E33C626F7721B00011E06 = {
						CreatedOnToolsVersion = 12.5.1;
					};
					BB8E33E726F7B97200011E06 = {
						CreatedOnToolsVersion = 12.5.1;
					};
				};
			};
			buildConfigurationList = BB8E33C226F7721B00011E06 /* Build configuration list for PBXProject "ShareExtensionExample" */;
			compatibilityVersion = "Xcode 9.3";
			developmentRegion = en;
			hasScannedForEncodings = 0;
			knownRegions = (
				en,
				Base,
			);
			mainGroup = BB8E33BE26F7721B00011E06;
			productRefGroup = BB8E33C826F7721B00011E06 /* Products */;
			projectDirPath = "";
			projectRoot = "";
			targets = (
				BB8E33C626F7721B00011E06 /* ShareExtensionExample */,
				BB8E33E726F7B97200011E06 /* ShareExample */,
			);
		};
/* End PBXProject section */

/* Begin PBXResourcesBuildPhase section */
		BB8E33C526F7721B00011E06 /* Resources */ = {
			isa = PBXResourcesBuildPhase;
			buildActionMask = 2147483647;
			files = (
				BB8E33D726F7721D00011E06 /* LaunchScreen.storyboard in Resources */,
				BB8E33D426F7721D00011E06 /* Assets.xcassets in Resources */,
			);
			runOnlyForDeploymentPostprocessing = 0;
		};
		BB8E33E626F7B97200011E06 /* Resources */ = {
			isa = PBXResourcesBuildPhase;
			buildActionMask = 2147483647;
			files = (
				BB8E33EE26F7B97200011E06 /* MainInterface.storyboard in Resources */,
			);
			runOnlyForDeploymentPostprocessing = 0;
		};
/* End PBXResourcesBuildPhase section */

/* Begin PBXSourcesBuildPhase section */
		BB8E33C326F7721B00011E06 /* Sources */ = {
			isa = PBXSourcesBuildPhase;
			buildActionMask = 2147483647;
			files = (
				BB8E33E126F7762400011E06 /* UIView + Extensions.swift in Sources */,
				BB8E33CF26F7721B00011E06 /* ViewController.swift in Sources */,
				BB8E33CB26F7721B00011E06 /* AppDelegate.swift in Sources */,
				BB8E33CD26F7721B00011E06 /* SceneDelegate.swift in Sources */,
			);
			runOnlyForDeploymentPostprocessing = 0;
		};
		BB8E33E426F7B97200011E06 /* Sources */ = {
			isa = PBXSourcesBuildPhase;
			buildActionMask = 2147483647;
			files = (
				BB8E33EB26F7B97200011E06 /* ShareViewController.swift in Sources */,
			);
			runOnlyForDeploymentPostprocessing = 0;
		};
/* End PBXSourcesBuildPhase section */

/* Begin PBXTargetDependency section */
		BB8E33F126F7B97200011E06 /* PBXTargetDependency */ = {
			isa = PBXTargetDependency;
			target = BB8E33E726F7B97200011E06 /* ShareExample */;
			targetProxy = BB8E33F026F7B97200011E06 /* PBXContainerItemProxy */;
		};
/* End PBXTargetDependency section */

/* Begin PBXVariantGroup section */
		BB8E33D526F7721D00011E06 /* LaunchScreen.storyboard */ = {
			isa = PBXVariantGroup;
			children = (
				BB8E33D626F7721D00011E06 /* Base */,
			);
			name = LaunchScreen.storyboard;
			sourceTree = "<group>";
		};
		BB8E33EC26F7B97200011E06 /* MainInterface.storyboard */ = {
			isa = PBXVariantGroup;
			children = (
				BB8E33ED26F7B97200011E06 /* Base */,
			);
			name = MainInterface.storyboard;
			sourceTree = "<group>";
		};
/* End PBXVariantGroup section */

/* Begin XCBuildConfiguration section */
		BB8E33D926F7721D00011E06 /* Debug */ = {
			isa = XCBuildConfiguration;
			buildSettings = {
				ALWAYS_SEARCH_USER_PATHS = NO;
				CLANG_ANALYZER_NONNULL = YES;
				CLANG_ANALYZER_NUMBER_OBJECT_CONVERSION = YES_AGGRESSIVE;
				CLANG_CXX_LANGUAGE_STANDARD = "gnu++14";
				CLANG_CXX_LIBRARY = "libc++";
				CLANG_ENABLE_MODULES = YES;
				CLANG_ENABLE_OBJC_ARC = YES;
				CLANG_ENABLE_OBJC_WEAK = YES;
				CLANG_WARN_BLOCK_CAPTURE_AUTORELEASING = YES;
				CLANG_WARN_BOOL_CONVERSION = YES;
				CLANG_WARN_COMMA = YES;
				CLANG_WARN_CONSTANT_CONVERSION = YES;
				CLANG_WARN_DEPRECATED_OBJC_IMPLEMENTATIONS = YES;
				CLANG_WARN_DIRECT_OBJC_ISA_USAGE = YES_ERROR;
				CLANG_WARN_DOCUMENTATION_COMMENTS = YES;
				CLANG_WARN_EMPTY_BODY = YES;
				CLANG_WARN_ENUM_CONVERSION = YES;
				CLANG_WARN_INFINITE_RECURSION = YES;
				CLANG_WARN_INT_CONVERSION = YES;
				CLANG_WARN_NON_LITERAL_NULL_CONVERSION = YES;
				CLANG_WARN_OBJC_IMPLICIT_RETAIN_SELF = YES;
				CLANG_WARN_OBJC_LITERAL_CONVERSION = YES;
				CLANG_WARN_OBJC_ROOT_CLASS = YES_ERROR;
				CLANG_WARN_QUOTED_INCLUDE_IN_FRAMEWORK_HEADER = YES;
				CLANG_WARN_RANGE_LOOP_ANALYSIS = YES;
				CLANG_WARN_STRICT_PROTOTYPES = YES;
				CLANG_WARN_SUSPICIOUS_MOVE = YES;
				CLANG_WARN_UNGUARDED_AVAILABILITY = YES_AGGRESSIVE;
				CLANG_WARN_UNREACHABLE_CODE = YES;
				CLANG_WARN__DUPLICATE_METHOD_MATCH = YES;
				COPY_PHASE_STRIP = NO;
				DEBUG_INFORMATION_FORMAT = dwarf;
				ENABLE_STRICT_OBJC_MSGSEND = YES;
				ENABLE_TESTABILITY = YES;
				GCC_C_LANGUAGE_STANDARD = gnu11;
				GCC_DYNAMIC_NO_PIC = NO;
				GCC_NO_COMMON_BLOCKS = YES;
				GCC_OPTIMIZATION_LEVEL = 0;
				GCC_PREPROCESSOR_DEFINITIONS = (
					"DEBUG=1",
					"$(inherited)",
				);
				GCC_WARN_64_TO_32_BIT_CONVERSION = YES;
				GCC_WARN_ABOUT_RETURN_TYPE = YES_ERROR;
				GCC_WARN_UNDECLARED_SELECTOR = YES;
				GCC_WARN_UNINITIALIZED_AUTOS = YES_AGGRESSIVE;
				GCC_WARN_UNUSED_FUNCTION = YES;
				GCC_WARN_UNUSED_VARIABLE = YES;
				IPHONEOS_DEPLOYMENT_TARGET = 14.5;
				MTL_ENABLE_DEBUG_INFO = INCLUDE_SOURCE;
				MTL_FAST_MATH = YES;
				ONLY_ACTIVE_ARCH = YES;
				SDKROOT = iphoneos;
				SWIFT_ACTIVE_COMPILATION_CONDITIONS = DEBUG;
				SWIFT_OPTIMIZATION_LEVEL = "-Onone";
			};
			name = Debug;
		};
		BB8E33DA26F7721D00011E06 /* Release */ = {
			isa = XCBuildConfiguration;
			buildSettings = {
				ALWAYS_SEARCH_USER_PATHS = NO;
				CLANG_ANALYZER_NONNULL = YES;
				CLANG_ANALYZER_NUMBER_OBJECT_CONVERSION = YES_AGGRESSIVE;
				CLANG_CXX_LANGUAGE_STANDARD = "gnu++14";
				CLANG_CXX_LIBRARY = "libc++";
				CLANG_ENABLE_MODULES = YES;
				CLANG_ENABLE_OBJC_ARC = YES;
				CLANG_ENABLE_OBJC_WEAK = YES;
				CLANG_WARN_BLOCK_CAPTURE_AUTORELEASING = YES;
				CLANG_WARN_BOOL_CONVERSION = YES;
				CLANG_WARN_COMMA = YES;
				CLANG_WARN_CONSTANT_CONVERSION = YES;
				CLANG_WARN_DEPRECATED_OBJC_IMPLEMENTATIONS = YES;
				CLANG_WARN_DIRECT_OBJC_ISA_USAGE = YES_ERROR;
				CLANG_WARN_DOCUMENTATION_COMMENTS = YES;
				CLANG_WARN_EMPTY_BODY = YES;
				CLANG_WARN_ENUM_CONVERSION = YES;
				CLANG_WARN_INFINITE_RECURSION = YES;
				CLANG_WARN_INT_CONVERSION = YES;
				CLANG_WARN_NON_LITERAL_NULL_CONVERSION = YES;
				CLANG_WARN_OBJC_IMPLICIT_RETAIN_SELF = YES;
				CLANG_WARN_OBJC_LITERAL_CONVERSION = YES;
				CLANG_WARN_OBJC_ROOT_CLASS = YES_ERROR;
				CLANG_WARN_QUOTED_INCLUDE_IN_FRAMEWORK_HEADER = YES;
				CLANG_WARN_RANGE_LOOP_ANALYSIS = YES;
				CLANG_WARN_STRICT_PROTOTYPES = YES;
				CLANG_WARN_SUSPICIOUS_MOVE = YES;
				CLANG_WARN_UNGUARDED_AVAILABILITY = YES_AGGRESSIVE;
				CLANG_WARN_UNREACHABLE_CODE = YES;
				CLANG_WARN__DUPLICATE_METHOD_MATCH = YES;
				COPY_PHASE_STRIP = NO;
				DEBUG_INFORMATION_FORMAT = "dwarf-with-dsym";
				ENABLE_NS_ASSERTIONS = NO;
				ENABLE_STRICT_OBJC_MSGSEND = YES;
				GCC_C_LANGUAGE_STANDARD = gnu11;
				GCC_NO_COMMON_BLOCKS = YES;
				GCC_WARN_64_TO_32_BIT_CONVERSION = YES;
				GCC_WARN_ABOUT_RETURN_TYPE = YES_ERROR;
				GCC_WARN_UNDECLARED_SELECTOR = YES;
				GCC_WARN_UNINITIALIZED_AUTOS = YES_AGGRESSIVE;
				GCC_WARN_UNUSED_FUNCTION = YES;
				GCC_WARN_UNUSED_VARIABLE = YES;
				IPHONEOS_DEPLOYMENT_TARGET = 14.5;
				MTL_ENABLE_DEBUG_INFO = NO;
				MTL_FAST_MATH = YES;
				SDKROOT = iphoneos;
				SWIFT_COMPILATION_MODE = wholemodule;
				SWIFT_OPTIMIZATION_LEVEL = "-O";
				VALIDATE_PRODUCT = YES;
			};
			name = Release;
		};
		BB8E33DC26F7721D00011E06 /* Debug */ = {
			isa = XCBuildConfiguration;
			buildSettings = {
				ALWAYS_EMBED_SWIFT_STANDARD_LIBRARIES = YES;
				ASSETCATALOG_COMPILER_APPICON_NAME = AppIcon;
				ASSETCATALOG_COMPILER_GLOBAL_ACCENT_COLOR_NAME = AccentColor;
				CODE_SIGN_STYLE = Automatic;
				DEVELOPMENT_TEAM = CZDQ6J6QK8;
				INFOPLIST_FILE = ShareExtensionExample/Info.plist;
				LD_RUNPATH_SEARCH_PATHS = (
					"$(inherited)",
					"@executable_path/Frameworks",
				);
				PRODUCT_BUNDLE_IDENTIFIER = Medvedevsmn.ShareExtensionExample;
				PRODUCT_NAME = "$(TARGET_NAME)";
				SWIFT_VERSION = 5.0;
				TARGETED_DEVICE_FAMILY = "1,2";
			};
			name = Debug;
		};
		BB8E33DD26F7721D00011E06 /* Release */ = {
			isa = XCBuildConfiguration;
			buildSettings = {
				ALWAYS_EMBED_SWIFT_STANDARD_LIBRARIES = YES;
				ASSETCATALOG_COMPILER_APPICON_NAME = AppIcon;
				ASSETCATALOG_COMPILER_GLOBAL_ACCENT_COLOR_NAME = AccentColor;
				CODE_SIGN_STYLE = Automatic;
				DEVELOPMENT_TEAM = CZDQ6J6QK8;
				INFOPLIST_FILE = ShareExtensionExample/Info.plist;
				LD_RUNPATH_SEARCH_PATHS = (
					"$(inherited)",
					"@executable_path/Frameworks",
				);
				PRODUCT_BUNDLE_IDENTIFIER = Medvedevsmn.ShareExtensionExample;
				PRODUCT_NAME = "$(TARGET_NAME)";
				SWIFT_VERSION = 5.0;
				TARGETED_DEVICE_FAMILY = "1,2";
			};
			name = Release;
		};
		BB8E33F426F7B97200011E06 /* Debug */ = {
			isa = XCBuildConfiguration;
			buildSettings = {
				CODE_SIGN_STYLE = Automatic;
				DEVELOPMENT_TEAM = CZDQ6J6QK8;
				INFOPLIST_FILE = ShareExample/Info.plist;
				LD_RUNPATH_SEARCH_PATHS = (
					"$(inherited)",
					"@executable_path/Frameworks",
					"@executable_path/../../Frameworks",
				);
				PRODUCT_BUNDLE_IDENTIFIER = Medvedevsmn.ShareExtensionExample.ShareExample;
				PRODUCT_NAME = "$(TARGET_NAME)";
				SKIP_INSTALL = YES;
				SWIFT_VERSION = 5.0;
				TARGETED_DEVICE_FAMILY = "1,2";
			};
			name = Debug;
		};
		BB8E33F526F7B97200011E06 /* Release */ = {
			isa = XCBuildConfiguration;
			buildSettings = {
				CODE_SIGN_STYLE = Automatic;
				DEVELOPMENT_TEAM = CZDQ6J6QK8;
				INFOPLIST_FILE = ShareExample/Info.plist;
				LD_RUNPATH_SEARCH_PATHS = (
					"$(inherited)",
					"@executable_path/Frameworks",
					"@executable_path/../../Frameworks",
				);
				PRODUCT_BUNDLE_IDENTIFIER = Medvedevsmn.ShareExtensionExample.ShareExample;
				PRODUCT_NAME = "$(TARGET_NAME)";
				SKIP_INSTALL = YES;
				SWIFT_VERSION = 5.0;
				TARGETED_DEVICE_FAMILY = "1,2";
			};
			name = Release;
		};
/* End XCBuildConfiguration section */

/* Begin XCConfigurationList section */
		BB8E33C226F7721B00011E06 /* Build configuration list for PBXProject "ShareExtensionExample" */ = {
			isa = XCConfigurationList;
			buildConfigurations = (
				BB8E33D926F7721D00011E06 /* Debug */,
				BB8E33DA26F7721D00011E06 /* Release */,
			);
			defaultConfigurationIsVisible = 0;
			defaultConfigurationName = Release;
		};
		BB8E33DB26F7721D00011E06 /* Build configuration list for PBXNativeTarget "ShareExtensionExample" */ = {
			isa = XCConfigurationList;
			buildConfigurations = (
				BB8E33DC26F7721D00011E06 /* Debug */,
				BB8E33DD26F7721D00011E06 /* Release */,
			);
			defaultConfigurationIsVisible = 0;
			defaultConfigurationName = Release;
		};
		BB8E33F626F7B97200011E06 /* Build configuration list for PBXNativeTarget "ShareExample" */ = {
			isa = XCConfigurationList;
			buildConfigurations = (
				BB8E33F426F7B97200011E06 /* Debug */,
				BB8E33F526F7B97200011E06 /* Release */,
			);
			defaultConfigurationIsVisible = 0;
			defaultConfigurationName = Release;
		};
/* End XCConfigurationList section */
	};
	rootObject = BB8E33BF26F7721B00011E06 /* Project object */;
}
